dependencies:
- name: nats
  repository: https://nats-io.github.io/k8s/helm/charts/
  version: 0.19.17
- name: redis
  repository: https://charts.bitnami.com/bitnami
  version: 23.2.1
digest: sha256:e2941cd27fd8115a54911a908f692b0b3698c45a4f347211d2b018d71fb239e0
generated: "2025-10-22T15:30:39.839189+05:30"
