dependencies:
- name: redis
  repository: https://charts.bitnami.com/bitnami
  version: 18.19.4
- name: mongodb
  repository: https://charts.bitnami.com/bitnami
  version: 14.13.0
digest: sha256:11020cd5f0c75818021045f9d81720694879db48fc8ca749bc2519195c77b50d
generated: "2025-08-12T13:33:28.215596+05:30"
